// !$*UTF8*$!
{
	archiveVersion = 1;
	classes = {
	};
	objectVersion = 50;
	objects = {

/* Begin PBXBuildFile section */
		8E7EB9272524B4E90086CA8B /* AppDelegate.swift in Sources */ = {isa = PBXBuildFile; fileRef = 8E7EB9262524B4E90086CA8B /* AppDelegate.swift */; };
		8E7EB9292524B4E90086CA8B /* SceneDelegate.swift in Sources */ = {isa = PBXBuildFile; fileRef = 8E7EB9282524B4E90086CA8B /* SceneDelegate.swift */; };
		8E7EB92B2524B4E90086CA8B /* ViewController.swift in Sources */ = {isa = PBXBuildFile; fileRef = 8E7EB92A2524B4E90086CA8B /* ViewController.swift */; };
		8E7EB92E2524B4E90086CA8B /* Main.storyboard in Resources */ = {isa = PBXBuildFile; fileRef = 8E7EB92C2524B4E90086CA8B /* Main.storyboard */; };
		8E7EB9302524B4F00086CA8B /* Assets.xcassets in Resources */ = {isa = PBXBuildFile; fileRef = 8E7EB92F2524B4F00086CA8B /* Assets.xcassets */; };
		8E7EB9332524B4F00086CA8B /* LaunchScreen.storyboard in Resources */ = {isa = PBXBuildFile; fileRef = 8E7EB9312524B4F00086CA8B /* LaunchScreen.storyboard */; };
		8E7EB93E2524B4F10086CA8B /* reignpostsTests.swift in Sources */ = {isa = PBXBuildFile; fileRef = 8E7EB93D2524B4F10086CA8B /* reignpostsTests.swift */; };
		8E7EB9492524B4F10086CA8B /* reignpostsUITests.swift in Sources */ = {isa = PBXBuildFile; fileRef = 8E7EB9482524B4F10086CA8B /* reignpostsUITests.swift */; };
/* End PBXBuildFile section */

/* Begin PBXContainerItemProxy section */
		8E7EB93A2524B4F10086CA8B /* PBXContainerItemProxy */ = {
			isa = PBXContainerItemProxy;
			containerPortal = 8E7EB91B2524B4E90086CA8B /* Project object */;
			proxyType = 1;
			remoteGlobalIDString = 8E7EB9222524B4E90086CA8B;
			remoteInfo = reignposts;
		};
		8E7EB9452524B4F10086CA8B /* PBXContainerItemProxy */ = {
			isa = PBXContainerItemProxy;
			containerPortal = 8E7EB91B2524B4E90086CA8B /* Project object */;
			proxyType = 1;
			remoteGlobalIDString = 8E7EB9222524B4E90086CA8B;
			remoteInfo = reignposts;
		};
/* End PBXContainerItemProxy section */

/* Begin PBXFileReference section */
		8E7EB9232524B4E90086CA8B /* reignposts.app */ = {isa = PBXFileReference; explicitFileType = wrapper.application; includeInIndex = 0; path = reignposts.app; sourceTree = BUILT_PRODUCTS_DIR; };
		8E7EB9262524B4E90086CA8B /* AppDelegate.swift */ = {isa = PBXFileReference; lastKnownFileType = sourcecode.swift; path = AppDelegate.swift; sourceTree = "<group>"; };
		8E7EB9282524B4E90086CA8B /* SceneDelegate.swift */ = {isa = PBXFileReference; lastKnownFileType = sourcecode.swift; path = SceneDelegate.swift; sourceTree = "<group>"; };
		8E7EB92A2524B4E90086CA8B /* ViewController.swift */ = {isa = PBXFileReference; lastKnownFileType = sourcecode.swift; path = ViewController.swift; sourceTree = "<group>"; };
		8E7EB92D2524B4E90086CA8B /* Base */ = {isa = PBXFileReference; lastKnownFileType = file.storyboard; name = Base; path = Base.lproj/Main.storyboard; sourceTree = "<group>"; };
		8E7EB92F2524B4F00086CA8B /* Assets.xcassets */ = {isa = PBXFileReference; lastKnownFileType = folder.assetcatalog; path = Assets.xcassets; sourceTree = "<group>"; };
		8E7EB9322524B4F00086CA8B /* Base */ = {isa = PBXFileReference; lastKnownFileType = file.storyboard; name = Base; path = Base.lproj/LaunchScreen.storyboard; sourceTree = "<group>"; };
		8E7EB9342524B4F00086CA8B /* Info.plist */ = {isa = PBXFileReference; lastKnownFileType = text.plist.xml; path = Info.plist; sourceTree = "<group>"; };
		8E7EB9392524B4F10086CA8B /* reignpostsTests.xctest */ = {isa = PBXFileReference; explicitFileType = wrapper.cfbundle; includeInIndex = 0; path = reignpostsTests.xctest; sourceTree = BUILT_PRODUCTS_DIR; };
		8E7EB93D2524B4F10086CA8B /* reignpostsTests.swift */ = {isa = PBXFileReference; lastKnownFileType = sourcecode.swift; path = reignpostsTests.swift; sourceTree = "<group>"; };
		8E7EB93F2524B4F10086CA8B /* Info.plist */ = {isa = PBXFileReference; lastKnownFileType = text.plist.xml; path = Info.plist; sourceTree = "<group>"; };
		8E7EB9442524B4F10086CA8B /* reignpostsUITests.xctest */ = {isa = PBXFileReference; explicitFileType = wrapper.cfbundle; includeInIndex = 0; path = reignpostsUITests.xctest; sourceTree = BUILT_PRODUCTS_DIR; };
		8E7EB9482524B4F10086CA8B /* reignpostsUITests.swift */ = {isa = PBXFileReference; lastKnownFileType = sourcecode.swift; path = reignpostsUITests.swift; sourceTree = "<group>"; };
		8E7EB94A2524B4F10086CA8B /* Info.plist */ = {isa = PBXFileReference; lastKnownFileType = text.plist.xml; path = Info.plist; sourceTree = "<group>"; };
/* End PBXFileReference section */

/* Begin PBXFrameworksBuildPhase section */
		8E7EB9202524B4E90086CA8B /* Frameworks */ = {
			isa = PBXFrameworksBuildPhase;
			buildActionMask = 2147483647;
			files = (
			);
			runOnlyForDeploymentPostprocessing = 0;
		};
		8E7EB9362524B4F10086CA8B /* Frameworks */ = {
			isa = PBXFrameworksBuildPhase;
			buildActionMask = 2147483647;
			files = (
			);
			runOnlyForDeploymentPostprocessing = 0;
		};
		8E7EB9412524B4F10086CA8B /* Frameworks */ = {
			isa = PBXFrameworksBuildPhase;
			buildActionMask = 2147483647;
			files = (
			);
			runOnlyForDeploymentPostprocessing = 0;
		};
/* End PBXFrameworksBuildPhase section */

/* Begin PBXGroup section */
		8E7EB91A2524B4E90086CA8B = {
			isa = PBXGroup;
			children = (
				8E7EB9252524B4E90086CA8B /* reignposts */,
				8E7EB93C2524B4F10086CA8B /* reignpostsTests */,
				8E7EB9472524B4F10086CA8B /* reignpostsUITests */,
				8E7EB9242524B4E90086CA8B /* Products */,
			);
			sourceTree = "<group>";
		};
		8E7EB9242524B4E90086CA8B /* Products */ = {
			isa = PBXGroup;
			children = (
				8E7EB9232524B4E90086CA8B /* reignposts.app */,
				8E7EB9392524B4F10086CA8B /* reignpostsTests.xctest */,
				8E7EB9442524B4F10086CA8B /* reignpostsUITests.xctest */,
			);
			name = Products;
			sourceTree = "<group>";
		};
		8E7EB9252524B4E90086CA8B /* reignposts */ = {
			isa = PBXGroup;
			children = (
				8E7EB9262524B4E90086CA8B /* AppDelegate.swift */,
				8E7EB9282524B4E90086CA8B /* SceneDelegate.swift */,
				8E7EB92A2524B4E90086CA8B /* ViewController.swift */,
				8E7EB92C2524B4E90086CA8B /* Main.storyboard */,
				8E7EB92F2524B4F00086CA8B /* Assets.xcassets */,
				8E7EB9312524B4F00086CA8B /* LaunchScreen.storyboard */,
				8E7EB9342524B4F00086CA8B /* Info.plist */,
			);
			path = reignposts;
			sourceTree = "<group>";
		};
		8E7EB93C2524B4F10086CA8B /* reignpostsTests */ = {
			isa = PBXGroup;
			children = (
				8E7EB93D2524B4F10086CA8B /* reignpostsTests.swift */,
				8E7EB93F2524B4F10086CA8B /* Info.plist */,
			);
			path = reignpostsTests;
			sourceTree = "<group>";
		};
		8E7EB9472524B4F10086CA8B /* reignpostsUITests */ = {
			isa = PBXGroup;
			children = (
				8E7EB9482524B4F10086CA8B /* reignpostsUITests.swift */,
				8E7EB94A2524B4F10086CA8B /* Info.plist */,
			);
			path = reignpostsUITests;
			sourceTree = "<group>";
		};
/* End PBXGroup section */

/* Begin PBXNativeTarget section */
		8E7EB9222524B4E90086CA8B /* reignposts */ = {
			isa = PBXNativeTarget;
			buildConfigurationList = 8E7EB94D2524B4F10086CA8B /* Build configuration list for PBXNativeTarget "reignposts" */;
			buildPhases = (
				8E7EB91F2524B4E90086CA8B /* Sources */,
				8E7EB9202524B4E90086CA8B /* Frameworks */,
				8E7EB9212524B4E90086CA8B /* Resources */,
			);
			buildRules = (
			);
			dependencies = (
			);
			name = reignposts;
			productName = reignposts;
			productReference = 8E7EB9232524B4E90086CA8B /* reignposts.app */;
			productType = "com.apple.product-type.application";
		};
		8E7EB9382524B4F10086CA8B /* reignpostsTests */ = {
			isa = PBXNativeTarget;
			buildConfigurationList = 8E7EB9502524B4F10086CA8B /* Build configuration list for PBXNativeTarget "reignpostsTests" */;
			buildPhases = (
				8E7EB9352524B4F10086CA8B /* Sources */,
				8E7EB9362524B4F10086CA8B /* Frameworks */,
				8E7EB9372524B4F10086CA8B /* Resources */,
			);
			buildRules = (
			);
			dependencies = (
				8E7EB93B2524B4F10086CA8B /* PBXTargetDependency */,
			);
			name = reignpostsTests;
			productName = reignpostsTests;
			productReference = 8E7EB9392524B4F10086CA8B /* reignpostsTests.xctest */;
			productType = "com.apple.product-type.bundle.unit-test";
		};
		8E7EB9432524B4F10086CA8B /* reignpostsUITests */ = {
			isa = PBXNativeTarget;
			buildConfigurationList = 8E7EB9532524B4F10086CA8B /* Build configuration list for PBXNativeTarget "reignpostsUITests" */;
			buildPhases = (
				8E7EB9402524B4F10086CA8B /* Sources */,
				8E7EB9412524B4F10086CA8B /* Frameworks */,
				8E7EB9422524B4F10086CA8B /* Resources */,
			);
			buildRules = (
			);
			dependencies = (
				8E7EB9462524B4F10086CA8B /* PBXTargetDependency */,
			);
			name = reignpostsUITests;
			productName = reignpostsUITests;
			productReference = 8E7EB9442524B4F10086CA8B /* reignpostsUITests.xctest */;
			productType = "com.apple.product-type.bundle.ui-testing";
		};
/* End PBXNativeTarget section */

/* Begin PBXProject section */
		8E7EB91B2524B4E90086CA8B /* Project object */ = {
			isa = PBXProject;
			attributes = {
				LastSwiftUpdateCheck = 1200;
				LastUpgradeCheck = 1200;
				TargetAttributes = {
					8E7EB9222524B4E90086CA8B = {
						CreatedOnToolsVersion = 12.0;
					};
					8E7EB9382524B4F10086CA8B = {
						CreatedOnToolsVersion = 12.0;
						TestTargetID = 8E7EB9222524B4E90086CA8B;
					};
					8E7EB9432524B4F10086CA8B = {
						CreatedOnToolsVersion = 12.0;
						TestTargetID = 8E7EB9222524B4E90086CA8B;
					};
				};
			};
			buildConfigurationList = 8E7EB91E2524B4E90086CA8B /* Build configuration list for PBXProject "reignposts" */;
			compatibilityVersion = "Xcode 9.3";
			developmentRegion = en;
			hasScannedForEncodings = 0;
			knownRegions = (
				en,
				Base,
			);
			mainGroup = 8E7EB91A2524B4E90086CA8B;
			productRefGroup = 8E7EB9242524B4E90086CA8B /* Products */;
			projectDirPath = "";
			projectRoot = "";
			targets = (
				8E7EB9222524B4E90086CA8B /* reignposts */,
				8E7EB9382524B4F10086CA8B /* reignpostsTests */,
				8E7EB9432524B4F10086CA8B /* reignpostsUITests */,
			);
		};
/* End PBXProject section */

/* Begin PBXResourcesBuildPhase section */
		8E7EB9212524B4E90086CA8B /* Resources */ = {
			isa = PBXResourcesBuildPhase;
			buildActionMask = 2147483647;
			files = (
				8E7EB9332524B4F00086CA8B /* LaunchScreen.storyboard in Resources */,
				8E7EB9302524B4F00086CA8B /* Assets.xcassets in Resources */,
				8E7EB92E2524B4E90086CA8B /* Main.storyboard in Resources */,
			);
			runOnlyForDeploymentPostprocessing = 0;
		};
		8E7EB9372524B4F10086CA8B /* Resources */ = {
			isa = PBXResourcesBuildPhase;
			buildActionMask = 2147483647;
			files = (
			);
			runOnlyForDeploymentPostprocessing = 0;
		};
		8E7EB9422524B4F10086CA8B /* Resources */ = {
			isa = PBXResourcesBuildPhase;
			buildActionMask = 2147483647;
			files = (
			);
			runOnlyForDeploymentPostprocessing = 0;
		};
/* End PBXResourcesBuildPhase section */

/* Begin PBXSourcesBuildPhase section */
		8E7EB91F2524B4E90086CA8B /* Sources */ = {
			isa = PBXSourcesBuildPhase;
			buildActionMask = 2147483647;
			files = (
				8E7EB92B2524B4E90086CA8B /* ViewController.swift in Sources */,
				8E7EB9272524B4E90086CA8B /* AppDelegate.swift in Sources */,
				8E7EB9292524B4E90086CA8B /* SceneDelegate.swift in Sources */,
			);
			runOnlyForDeploymentPostprocessing = 0;
		};
		8E7EB9352524B4F10086CA8B /* Sources */ = {
			isa = PBXSourcesBuildPhase;
			buildActionMask = 2147483647;
			files = (
				8E7EB93E2524B4F10086CA8B /* reignpostsTests.swift in Sources */,
			);
			runOnlyForDeploymentPostprocessing = 0;
		};
		8E7EB9402524B4F10086CA8B /* Sources */ = {
			isa = PBXSourcesBuildPhase;
			buildActionMask = 2147483647;
			files = (
				8E7EB9492524B4F10086CA8B /* reignpostsUITests.swift in Sources */,
			);
			runOnlyForDeploymentPostprocessing = 0;
		};
/* End PBXSourcesBuildPhase section */

/* Begin PBXTargetDependency section */
		8E7EB93B2524B4F10086CA8B /* PBXTargetDependency */ = {
			isa = PBXTargetDependency;
			target = 8E7EB9222524B4E90086CA8B /* reignposts */;
			targetProxy = 8E7EB93A2524B4F10086CA8B /* PBXContainerItemProxy */;
		};
		8E7EB9462524B4F10086CA8B /* PBXTargetDependency */ = {
			isa = PBXTargetDependency;
			target = 8E7EB9222524B4E90086CA8B /* reignposts */;
			targetProxy = 8E7EB9452524B4F10086CA8B /* PBXContainerItemProxy */;
		};
/* End PBXTargetDependency section */

/* Begin PBXVariantGroup section */
		8E7EB92C2524B4E90086CA8B /* Main.storyboard */ = {
			isa = PBXVariantGroup;
			children = (
				8E7EB92D2524B4E90086CA8B /* Base */,
			);
			name = Main.storyboard;
			sourceTree = "<group>";
		};
		8E7EB9312524B4F00086CA8B /* LaunchScreen.storyboard */ = {
			isa = PBXVariantGroup;
			children = (
				8E7EB9322524B4F00086CA8B /* Base */,
			);
			name = LaunchScreen.storyboard;
			sourceTree = "<group>";
		};
/* End PBXVariantGroup section */

/* Begin XCBuildConfiguration section */
		8E7EB94B2524B4F10086CA8B /* Debug */ = {
			isa = XCBuildConfiguration;
			buildSettings = {
				ALWAYS_SEARCH_USER_PATHS = NO;
				CLANG_ANALYZER_NONNULL = YES;
				CLANG_ANALYZER_NUMBER_OBJECT_CONVERSION = YES_AGGRESSIVE;
				CLANG_CXX_LANGUAGE_STANDARD = "gnu++14";
				CLANG_CXX_LIBRARY = "libc++";
				CLANG_ENABLE_MODULES = YES;
				CLANG_ENABLE_OBJC_ARC = YES;
				CLANG_ENABLE_OBJC_WEAK = YES;
				CLANG_WARN_BLOCK_CAPTURE_AUTORELEASING = YES;
				CLANG_WARN_BOOL_CONVERSION = YES;
				CLANG_WARN_COMMA = YES;
				CLANG_WARN_CONSTANT_CONVERSION = YES;
				CLANG_WARN_DEPRECATED_OBJC_IMPLEMENTATIONS = YES;
				CLANG_WARN_DIRECT_OBJC_ISA_USAGE = YES_ERROR;
				CLANG_WARN_DOCUMENTATION_COMMENTS = YES;
				CLANG_WARN_EMPTY_BODY = YES;
				CLANG_WARN_ENUM_CONVERSION = YES;
				CLANG_WARN_INFINITE_RECURSION = YES;
				CLANG_WARN_INT_CONVERSION = YES;
				CLANG_WARN_NON_LITERAL_NULL_CONVERSION = YES;
				CLANG_WARN_OBJC_IMPLICIT_RETAIN_SELF = YES;
				CLANG_WARN_OBJC_LITERAL_CONVERSION = YES;
				CLANG_WARN_OBJC_ROOT_CLASS = YES_ERROR;
				CLANG_WARN_QUOTED_INCLUDE_IN_FRAMEWORK_HEADER = YES;
				CLANG_WARN_RANGE_LOOP_ANALYSIS = YES;
				CLANG_WARN_STRICT_PROTOTYPES = YES;
				CLANG_WARN_SUSPICIOUS_MOVE = YES;
				CLANG_WARN_UNGUARDED_AVAILABILITY = YES_AGGRESSIVE;
				CLANG_WARN_UNREACHABLE_CODE = YES;
				CLANG_WARN__DUPLICATE_METHOD_MATCH = YES;
				COPY_PHASE_STRIP = NO;
				DEBUG_INFORMATION_FORMAT = dwarf;
				ENABLE_STRICT_OBJC_MSGSEND = YES;
				ENABLE_TESTABILITY = YES;
				GCC_C_LANGUAGE_STANDARD = gnu11;
				GCC_DYNAMIC_NO_PIC = NO;
				GCC_NO_COMMON_BLOCKS = YES;
				GCC_OPTIMIZATION_LEVEL = 0;
				GCC_PREPROCESSOR_DEFINITIONS = (
					"DEBUG=1",
					"$(inherited)",
				);
				GCC_WARN_64_TO_32_BIT_CONVERSION = YES;
				GCC_WARN_ABOUT_RETURN_TYPE = YES_ERROR;
				GCC_WARN_UNDECLARED_SELECTOR = YES;
				GCC_WARN_UNINITIALIZED_AUTOS = YES_AGGRESSIVE;
				GCC_WARN_UNUSED_FUNCTION = YES;
				GCC_WARN_UNUSED_VARIABLE = YES;
				IPHONEOS_DEPLOYMENT_TARGET = 14.0;
				MTL_ENABLE_DEBUG_INFO = INCLUDE_SOURCE;
				MTL_FAST_MATH = YES;
				ONLY_ACTIVE_ARCH = YES;
				SDKROOT = iphoneos;
				SWIFT_ACTIVE_COMPILATION_CONDITIONS = DEBUG;
				SWIFT_OPTIMIZATION_LEVEL = "-Onone";
			};
			name = Debug;
		};
		8E7EB94C2524B4F10086CA8B /* Release */ = {
			isa = XCBuildConfiguration;
			buildSettings = {
				ALWAYS_SEARCH_USER_PATHS = NO;
				CLANG_ANALYZER_NONNULL = YES;
				CLANG_ANALYZER_NUMBER_OBJECT_CONVERSION = YES_AGGRESSIVE;
				CLANG_CXX_LANGUAGE_STANDARD = "gnu++14";
				CLANG_CXX_LIBRARY = "libc++";
				CLANG_ENABLE_MODULES = YES;
				CLANG_ENABLE_OBJC_ARC = YES;
				CLANG_ENABLE_OBJC_WEAK = YES;
				CLANG_WARN_BLOCK_CAPTURE_AUTORELEASING = YES;
				CLANG_WARN_BOOL_CONVERSION = YES;
				CLANG_WARN_COMMA = YES;
				CLANG_WARN_CONSTANT_CONVERSION = YES;
				CLANG_WARN_DEPRECATED_OBJC_IMPLEMENTATIONS = YES;
				CLANG_WARN_DIRECT_OBJC_ISA_USAGE = YES_ERROR;
				CLANG_WARN_DOCUMENTATION_COMMENTS = YES;
				CLANG_WARN_EMPTY_BODY = YES;
				CLANG_WARN_ENUM_CONVERSION = YES;
				CLANG_WARN_INFINITE_RECURSION = YES;
				CLANG_WARN_INT_CONVERSION = YES;
				CLANG_WARN_NON_LITERAL_NULL_CONVERSION = YES;
				CLANG_WARN_OBJC_IMPLICIT_RETAIN_SELF = YES;
				CLANG_WARN_OBJC_LITERAL_CONVERSION = YES;
				CLANG_WARN_OBJC_ROOT_CLASS = YES_ERROR;
				CLANG_WARN_QUOTED_INCLUDE_IN_FRAMEWORK_HEADER = YES;
				CLANG_WARN_RANGE_LOOP_ANALYSIS = YES;
				CLANG_WARN_STRICT_PROTOTYPES = YES;
				CLANG_WARN_SUSPICIOUS_MOVE = YES;
				CLANG_WARN_UNGUARDED_AVAILABILITY = YES_AGGRESSIVE;
				CLANG_WARN_UNREACHABLE_CODE = YES;
				CLANG_WARN__DUPLICATE_METHOD_MATCH = YES;
				COPY_PHASE_STRIP = NO;
				DEBUG_INFORMATION_FORMAT = "dwarf-with-dsym";
				ENABLE_NS_ASSERTIONS = NO;
				ENABLE_STRICT_OBJC_MSGSEND = YES;
				GCC_C_LANGUAGE_STANDARD = gnu11;
				GCC_NO_COMMON_BLOCKS = YES;
				GCC_WARN_64_TO_32_BIT_CONVERSION = YES;
				GCC_WARN_ABOUT_RETURN_TYPE = YES_ERROR;
				GCC_WARN_UNDECLARED_SELECTOR = YES;
				GCC_WARN_UNINITIALIZED_AUTOS = YES_AGGRESSIVE;
				GCC_WARN_UNUSED_FUNCTION = YES;
				GCC_WARN_UNUSED_VARIABLE = YES;
				IPHONEOS_DEPLOYMENT_TARGET = 14.0;
				MTL_ENABLE_DEBUG_INFO = NO;
				MTL_FAST_MATH = YES;
				SDKROOT = iphoneos;
				SWIFT_COMPILATION_MODE = wholemodule;
				SWIFT_OPTIMIZATION_LEVEL = "-O";
				VALIDATE_PRODUCT = YES;
			};
			name = Release;
		};
		8E7EB94E2524B4F10086CA8B /* Debug */ = {
			isa = XCBuildConfiguration;
			buildSettings = {
				ASSETCATALOG_COMPILER_APPICON_NAME = AppIcon;
				ASSETCATALOG_COMPILER_GLOBAL_ACCENT_COLOR_NAME = AccentColor;
				CODE_SIGN_STYLE = Automatic;
				DEVELOPMENT_TEAM = 44558RF7PG;
				INFOPLIST_FILE = reignposts/Info.plist;
				LD_RUNPATH_SEARCH_PATHS = (
					"$(inherited)",
					"@executable_path/Frameworks",
				);
				PRODUCT_BUNDLE_IDENTIFIER = com.masquenegocios.reignposts;
				PRODUCT_NAME = "$(TARGET_NAME)";
				SWIFT_VERSION = 5.0;
				TARGETED_DEVICE_FAMILY = "1,2";
			};
			name = Debug;
		};
		8E7EB94F2524B4F10086CA8B /* Release */ = {
			isa = XCBuildConfiguration;
			buildSettings = {
				ASSETCATALOG_COMPILER_APPICON_NAME = AppIcon;
				ASSETCATALOG_COMPILER_GLOBAL_ACCENT_COLOR_NAME = AccentColor;
				CODE_SIGN_STYLE = Automatic;
				DEVELOPMENT_TEAM = 44558RF7PG;
				INFOPLIST_FILE = reignposts/Info.plist;
				LD_RUNPATH_SEARCH_PATHS = (
					"$(inherited)",
					"@executable_path/Frameworks",
				);
				PRODUCT_BUNDLE_IDENTIFIER = com.masquenegocios.reignposts;
				PRODUCT_NAME = "$(TARGET_NAME)";
				SWIFT_VERSION = 5.0;
				TARGETED_DEVICE_FAMILY = "1,2";
			};
			name = Release;
		};
		8E7EB9512524B4F10086CA8B /* Debug */ = {
			isa = XCBuildConfiguration;
			buildSettings = {
				ALWAYS_EMBED_SWIFT_STANDARD_LIBRARIES = YES;
				BUNDLE_LOADER = "$(TEST_HOST)";
				CODE_SIGN_STYLE = Automatic;
				DEVELOPMENT_TEAM = 44558RF7PG;
				INFOPLIST_FILE = reignpostsTests/Info.plist;
				IPHONEOS_DEPLOYMENT_TARGET = 14.0;
				LD_RUNPATH_SEARCH_PATHS = (
					"$(inherited)",
					"@executable_path/Frameworks",
					"@loader_path/Frameworks",
				);
				PRODUCT_BUNDLE_IDENTIFIER = com.masquenegocios.reignpostsTests;
				PRODUCT_NAME = "$(TARGET_NAME)";
				SWIFT_VERSION = 5.0;
				TARGETED_DEVICE_FAMILY = "1,2";
				TEST_HOST = "$(BUILT_PRODUCTS_DIR)/reignposts.app/reignposts";
			};
			name = Debug;
		};
		8E7EB9522524B4F10086CA8B /* Release */ = {
			isa = XCBuildConfiguration;
			buildSettings = {
				ALWAYS_EMBED_SWIFT_STANDARD_LIBRARIES = YES;
				BUNDLE_LOADER = "$(TEST_HOST)";
				CODE_SIGN_STYLE = Automatic;
				DEVELOPMENT_TEAM = 44558RF7PG;
				INFOPLIST_FILE = reignpostsTests/Info.plist;
				IPHONEOS_DEPLOYMENT_TARGET = 14.0;
				LD_RUNPATH_SEARCH_PATHS = (
					"$(inherited)",
					"@executable_path/Frameworks",
					"@loader_path/Frameworks",
				);
				PRODUCT_BUNDLE_IDENTIFIER = com.masquenegocios.reignpostsTests;
				PRODUCT_NAME = "$(TARGET_NAME)";
				SWIFT_VERSION = 5.0;
				TARGETED_DEVICE_FAMILY = "1,2";
				TEST_HOST = "$(BUILT_PRODUCTS_DIR)/reignposts.app/reignposts";
			};
			name = Release;
		};
		8E7EB9542524B4F10086CA8B /* Debug */ = {
			isa = XCBuildConfiguration;
			buildSettings = {
				ALWAYS_EMBED_SWIFT_STANDARD_LIBRARIES = YES;
				CODE_SIGN_STYLE = Automatic;
				DEVELOPMENT_TEAM = 44558RF7PG;
				INFOPLIST_FILE = reignpostsUITests/Info.plist;
				LD_RUNPATH_SEARCH_PATHS = (
					"$(inherited)",
					"@executable_path/Frameworks",
					"@loader_path/Frameworks",
				);
				PRODUCT_BUNDLE_IDENTIFIER = com.masquenegocios.reignpostsUITests;
				PRODUCT_NAME = "$(TARGET_NAME)";
				SWIFT_VERSION = 5.0;
				TARGETED_DEVICE_FAMILY = "1,2";
				TEST_TARGET_NAME = reignposts;
			};
			name = Debug;
		};
		8E7EB9552524B4F10086CA8B /* Release */ = {
			isa = XCBuildConfiguration;
			buildSettings = {
				ALWAYS_EMBED_SWIFT_STANDARD_LIBRARIES = YES;
				CODE_SIGN_STYLE = Automatic;
				DEVELOPMENT_TEAM = 44558RF7PG;
				INFOPLIST_FILE = reignpostsUITests/Info.plist;
				LD_RUNPATH_SEARCH_PATHS = (
					"$(inherited)",
					"@executable_path/Frameworks",
					"@loader_path/Frameworks",
				);
				PRODUCT_BUNDLE_IDENTIFIER = com.masquenegocios.reignpostsUITests;
				PRODUCT_NAME = "$(TARGET_NAME)";
				SWIFT_VERSION = 5.0;
				TARGETED_DEVICE_FAMILY = "1,2";
				TEST_TARGET_NAME = reignposts;
			};
			name = Release;
		};
/* End XCBuildConfiguration section */

/* Begin XCConfigurationList section */
		8E7EB91E2524B4E90086CA8B /* Build configuration list for PBXProject "reignposts" */ = {
			isa = XCConfigurationList;
			buildConfigurations = (
				8E7EB94B2524B4F10086CA8B /* Debug */,
				8E7EB94C2524B4F10086CA8B /* Release */,
			);
			defaultConfigurationIsVisible = 0;
			defaultConfigurationName = Release;
		};
		8E7EB94D2524B4F10086CA8B /* Build configuration list for PBXNativeTarget "reignposts" */ = {
			isa = XCConfigurationList;
			buildConfigurations = (
				8E7EB94E2524B4F10086CA8B /* Debug */,
				8E7EB94F2524B4F10086CA8B /* Release */,
			);
			defaultConfigurationIsVisible = 0;
			defaultConfigurationName = Release;
		};
		8E7EB9502524B4F10086CA8B /* Build configuration list for PBXNativeTarget "reignpostsTests" */ = {
			isa = XCConfigurationList;
			buildConfigurations = (
				8E7EB9512524B4F10086CA8B /* Debug */,
				8E7EB9522524B4F10086CA8B /* Release */,
			);
			defaultConfigurationIsVisible = 0;
			defaultConfigurationName = Release;
		};
		8E7EB9532524B4F10086CA8B /* Build configuration list for PBXNativeTarget "reignpostsUITests" */ = {
			isa = XCConfigurationList;
			buildConfigurations = (
				8E7EB9542524B4F10086CA8B /* Debug */,
				8E7EB9552524B4F10086CA8B /* Release */,
			);
			defaultConfigurationIsVisible = 0;
			defaultConfigurationName = Release;
		};
/* End XCConfigurationList section */
	};
	rootObject = 8E7EB91B2524B4E90086CA8B /* Project object */;
}
